// !$*UTF8*$!
{
	archiveVersion = 1;
	classes = {
	};
	objectVersion = 46;
	objects = {

/* Begin PBXBuildFile section */
		18118DF71F349B41000AD9B1 /* PokemonDetailVC.swift in Sources */ = {isa = PBXBuildFile; fileRef = 18118DF61F349B41000AD9B1 /* PokemonDetailVC.swift */; };
		18428BF01F3119D10013BF81 /* AppDelegate.swift in Sources */ = {isa = PBXBuildFile; fileRef = 18428BEF1F3119D10013BF81 /* AppDelegate.swift */; };
		18428BF21F3119D10013BF81 /* ViewController.swift in Sources */ = {isa = PBXBuildFile; fileRef = 18428BF11F3119D10013BF81 /* ViewController.swift */; };
		18428BF51F3119D10013BF81 /* Main.storyboard in Resources */ = {isa = PBXBuildFile; fileRef = 18428BF31F3119D10013BF81 /* Main.storyboard */; };
		18428BF71F3119D10013BF81 /* Assets.xcassets in Resources */ = {isa = PBXBuildFile; fileRef = 18428BF61F3119D10013BF81 /* Assets.xcassets */; };
		18428BFA1F3119D10013BF81 /* LaunchScreen.storyboard in Resources */ = {isa = PBXBuildFile; fileRef = 18428BF81F3119D10013BF81 /* LaunchScreen.storyboard */; };
		18428C031F311A530013BF81 /* PokeCell.swift in Sources */ = {isa = PBXBuildFile; fileRef = 18428C021F311A530013BF81 /* PokeCell.swift */; };
		18428C061F311A830013BF81 /* Pokemon.swift in Sources */ = {isa = PBXBuildFile; fileRef = 18428C051F311A830013BF81 /* Pokemon.swift */; };
		18428C081F311B870013BF81 /* csv.swift in Sources */ = {isa = PBXBuildFile; fileRef = 18428C071F311B870013BF81 /* csv.swift */; };
		18428C0A1F311BA00013BF81 /* pokemon.csv in Resources */ = {isa = PBXBuildFile; fileRef = 18428C091F311BA00013BF81 /* pokemon.csv */; };
		185115841F3139B100C1EE0C /* pokemon.ttf in Resources */ = {isa = PBXBuildFile; fileRef = 185115831F3139B100C1EE0C /* pokemon.ttf */; };
		185115891F313BC400C1EE0C /* music.mp3 in Resources */ = {isa = PBXBuildFile; fileRef = 185115881F313BC400C1EE0C /* music.mp3 */; };
		1851158B1F313BD400C1EE0C /* music.png in Resources */ = {isa = PBXBuildFile; fileRef = 1851158A1F313BD400C1EE0C /* music.png */; };
		1ADE7F14D3F50DF9D482AA00 /* Pods_Pokedex.framework in Frameworks */ = {isa = PBXBuildFile; fileRef = ECC28F61F23ED5BF0D5559B8 /* Pods_Pokedex.framework */; };
/* End PBXBuildFile section */

/* Begin PBXFileReference section */
		18118DF61F349B41000AD9B1 /* PokemonDetailVC.swift */ = {isa = PBXFileReference; fileEncoding = 4; lastKnownFileType = sourcecode.swift; path = PokemonDetailVC.swift; sourceTree = "<group>"; };
		18428BEC1F3119D10013BF81 /* Pokedex.app */ = {isa = PBXFileReference; explicitFileType = wrapper.application; includeInIndex = 0; path = Pokedex.app; sourceTree = BUILT_PRODUCTS_DIR; };
		18428BEF1F3119D10013BF81 /* AppDelegate.swift */ = {isa = PBXFileReference; lastKnownFileType = sourcecode.swift; path = AppDelegate.swift; sourceTree = "<group>"; };
		18428BF11F3119D10013BF81 /* ViewController.swift */ = {isa = PBXFileReference; lastKnownFileType = sourcecode.swift; path = ViewController.swift; sourceTree = "<group>"; };
		18428BF41F3119D10013BF81 /* Base */ = {isa = PBXFileReference; lastKnownFileType = file.storyboard; name = Base; path = Base.lproj/Main.storyboard; sourceTree = "<group>"; };
		18428BF61F3119D10013BF81 /* Assets.xcassets */ = {isa = PBXFileReference; lastKnownFileType = folder.assetcatalog; path = Assets.xcassets; sourceTree = "<group>"; };
		18428BF91F3119D10013BF81 /* Base */ = {isa = PBXFileReference; lastKnownFileType = file.storyboard; name = Base; path = Base.lproj/LaunchScreen.storyboard; sourceTree = "<group>"; };
		18428BFB1F3119D10013BF81 /* Info.plist */ = {isa = PBXFileReference; lastKnownFileType = text.plist.xml; path = Info.plist; sourceTree = "<group>"; };
		18428C021F311A530013BF81 /* PokeCell.swift */ = {isa = PBXFileReference; fileEncoding = 4; lastKnownFileType = sourcecode.swift; path = PokeCell.swift; sourceTree = "<group>"; };
		18428C051F311A830013BF81 /* Pokemon.swift */ = {isa = PBXFileReference; fileEncoding = 4; lastKnownFileType = sourcecode.swift; path = Pokemon.swift; sourceTree = "<group>"; };
		18428C071F311B870013BF81 /* csv.swift */ = {isa = PBXFileReference; fileEncoding = 4; lastKnownFileType = sourcecode.swift; path = csv.swift; sourceTree = "<group>"; };
		18428C091F311BA00013BF81 /* pokemon.csv */ = {isa = PBXFileReference; fileEncoding = 4; lastKnownFileType = text; path = pokemon.csv; sourceTree = "<group>"; };
		185115831F3139B100C1EE0C /* pokemon.ttf */ = {isa = PBXFileReference; lastKnownFileType = file; path = pokemon.ttf; sourceTree = "<group>"; };
		185115881F313BC400C1EE0C /* music.mp3 */ = {isa = PBXFileReference; lastKnownFileType = audio.mp3; path = music.mp3; sourceTree = "<group>"; };
		1851158A1F313BD400C1EE0C /* music.png */ = {isa = PBXFileReference; lastKnownFileType = image.png; path = music.png; sourceTree = "<group>"; };
		322D753D8B80B471608BD9A8 /* Pods-Pokedex.debug.xcconfig */ = {isa = PBXFileReference; includeInIndex = 1; lastKnownFileType = text.xcconfig; name = "Pods-Pokedex.debug.xcconfig"; path = "Pods/Target Support Files/Pods-Pokedex/Pods-Pokedex.debug.xcconfig"; sourceTree = "<group>"; };
		B46E2F3372EF3804B69DB197 /* Pods-Pokedex.release.xcconfig */ = {isa = PBXFileReference; includeInIndex = 1; lastKnownFileType = text.xcconfig; name = "Pods-Pokedex.release.xcconfig"; path = "Pods/Target Support Files/Pods-Pokedex/Pods-Pokedex.release.xcconfig"; sourceTree = "<group>"; };
		ECC28F61F23ED5BF0D5559B8 /* Pods_Pokedex.framework */ = {isa = PBXFileReference; explicitFileType = wrapper.framework; includeInIndex = 0; path = Pods_Pokedex.framework; sourceTree = BUILT_PRODUCTS_DIR; };
/* End PBXFileReference section */

/* Begin PBXFrameworksBuildPhase section */
		18428BE91F3119D10013BF81 /* Frameworks */ = {
			isa = PBXFrameworksBuildPhase;
			buildActionMask = 2147483647;
			files = (
				1ADE7F14D3F50DF9D482AA00 /* Pods_Pokedex.framework in Frameworks */,
			);
			runOnlyForDeploymentPostprocessing = 0;
		};
/* End PBXFrameworksBuildPhase section */

/* Begin PBXGroup section */
		18428BE31F3119D10013BF81 = {
			isa = PBXGroup;
			children = (
				18428BEE1F3119D10013BF81 /* Pokedex */,
				18428BED1F3119D10013BF81 /* Products */,
				2897F69A15B79EE2C6E002EB /* Pods */,
				4D2472C72FC20540B08AA6DA /* Frameworks */,
			);
			sourceTree = "<group>";
		};
		18428BED1F3119D10013BF81 /* Products */ = {
			isa = PBXGroup;
			children = (
				18428BEC1F3119D10013BF81 /* Pokedex.app */,
			);
			name = Products;
			sourceTree = "<group>";
		};
		18428BEE1F3119D10013BF81 /* Pokedex */ = {
			isa = PBXGroup;
			children = (
				18428C041F311A5A0013BF81 /* Model */,
				18428C011F311A280013BF81 /* View */,
				185115851F3139EE00C1EE0C /* Controller */,
				185115861F3139FF00C1EE0C /* Resources */,
				185115871F313A1B00C1EE0C /* Util */,
				18428BEF1F3119D10013BF81 /* AppDelegate.swift */,
				18428BF31F3119D10013BF81 /* Main.storyboard */,
				18428BF61F3119D10013BF81 /* Assets.xcassets */,
				18428BF81F3119D10013BF81 /* LaunchScreen.storyboard */,
				18428BFB1F3119D10013BF81 /* Info.plist */,
			);
			path = Pokedex;
			sourceTree = "<group>";
		};
		18428C011F311A280013BF81 /* View */ = {
			isa = PBXGroup;
			children = (
				18428C021F311A530013BF81 /* PokeCell.swift */,
			);
			name = View;
			sourceTree = "<group>";
		};
		18428C041F311A5A0013BF81 /* Model */ = {
			isa = PBXGroup;
			children = (
				18428C051F311A830013BF81 /* Pokemon.swift */,
			);
			name = Model;
			sourceTree = "<group>";
		};
		185115851F3139EE00C1EE0C /* Controller */ = {
			isa = PBXGroup;
			children = (
				18428BF11F3119D10013BF81 /* ViewController.swift */,
				18118DF61F349B41000AD9B1 /* PokemonDetailVC.swift */,
			);
			name = Controller;
			sourceTree = "<group>";
		};
		185115861F3139FF00C1EE0C /* Resources */ = {
			isa = PBXGroup;
			children = (
				185115831F3139B100C1EE0C /* pokemon.ttf */,
				18428C091F311BA00013BF81 /* pokemon.csv */,
				1851158A1F313BD400C1EE0C /* music.png */,
				185115881F313BC400C1EE0C /* music.mp3 */,
			);
			name = Resources;
			sourceTree = "<group>";
		};
		185115871F313A1B00C1EE0C /* Util */ = {
			isa = PBXGroup;
			children = (
				18428C071F311B870013BF81 /* csv.swift */,
			);
			name = Util;
			sourceTree = "<group>";
		};
		2897F69A15B79EE2C6E002EB /* Pods */ = {
			isa = PBXGroup;
			children = (
				322D753D8B80B471608BD9A8 /* Pods-Pokedex.debug.xcconfig */,
				B46E2F3372EF3804B69DB197 /* Pods-Pokedex.release.xcconfig */,
			);
			name = Pods;
			sourceTree = "<group>";
		};
		4D2472C72FC20540B08AA6DA /* Frameworks */ = {
			isa = PBXGroup;
			children = (
				ECC28F61F23ED5BF0D5559B8 /* Pods_Pokedex.framework */,
			);
			name = Frameworks;
			sourceTree = "<group>";
		};
/* End PBXGroup section */

/* Begin PBXNativeTarget section */
		18428BEB1F3119D10013BF81 /* Pokedex */ = {
			isa = PBXNativeTarget;
			buildConfigurationList = 18428BFE1F3119D10013BF81 /* Build configuration list for PBXNativeTarget "Pokedex" */;
			buildPhases = (
				5CECD74E74D9B515A9407349 /* [CP] Check Pods Manifest.lock */,
				18428BE81F3119D10013BF81 /* Sources */,
				18428BE91F3119D10013BF81 /* Frameworks */,
				18428BEA1F3119D10013BF81 /* Resources */,
				CB6D5FA796FA4FE9E1B85700 /* [CP] Embed Pods Frameworks */,
				C83E4735DEF149A3112D0EAF /* [CP] Copy Pods Resources */,
			);
			buildRules = (
			);
			dependencies = (
			);
			name = Pokedex;
			productName = Pokedex;
			productReference = 18428BEC1F3119D10013BF81 /* Pokedex.app */;
			productType = "com.apple.product-type.application";
		};
/* End PBXNativeTarget section */

/* Begin PBXProject section */
		18428BE41F3119D10013BF81 /* Project object */ = {
			isa = PBXProject;
			attributes = {
				LastSwiftUpdateCheck = 0830;
				LastUpgradeCheck = 0830;
				ORGANIZATIONNAME = Mahmoud;
				TargetAttributes = {
					18428BEB1F3119D10013BF81 = {
						CreatedOnToolsVersion = 8.3.3;
						DevelopmentTeam = 3QQABGA76B;
						LastSwiftMigration = 0830;
						ProvisioningStyle = Automatic;
					};
				};
			};
			buildConfigurationList = 18428BE71F3119D10013BF81 /* Build configuration list for PBXProject "Pokedex" */;
			compatibilityVersion = "Xcode 3.2";
			developmentRegion = English;
			hasScannedForEncodings = 0;
			knownRegions = (
				en,
				Base,
			);
			mainGroup = 18428BE31F3119D10013BF81;
			productRefGroup = 18428BED1F3119D10013BF81 /* Products */;
			projectDirPath = "";
			projectRoot = "";
			targets = (
				18428BEB1F3119D10013BF81 /* Pokedex */,
			);
		};
/* End PBXProject section */

/* Begin PBXResourcesBuildPhase section */
		18428BEA1F3119D10013BF81 /* Resources */ = {
			isa = PBXResourcesBuildPhase;
			buildActionMask = 2147483647;
			files = (
				185115841F3139B100C1EE0C /* pokemon.ttf in Resources */,
				1851158B1F313BD400C1EE0C /* music.png in Resources */,
				18428BFA1F3119D10013BF81 /* LaunchScreen.storyboard in Resources */,
				185115891F313BC400C1EE0C /* music.mp3 in Resources */,
				18428BF71F3119D10013BF81 /* Assets.xcassets in Resources */,
				18428C0A1F311BA00013BF81 /* pokemon.csv in Resources */,
				18428BF51F3119D10013BF81 /* Main.storyboard in Resources */,
			);
			runOnlyForDeploymentPostprocessing = 0;
		};
/* End PBXResourcesBuildPhase section */

/* Begin PBXShellScriptBuildPhase section */
		5CECD74E74D9B515A9407349 /* [CP] Check Pods Manifest.lock */ = {
			isa = PBXShellScriptBuildPhase;
			buildActionMask = 2147483647;
			files = (
			);
			inputPaths = (
				"${PODS_PODFILE_DIR_PATH}/Podfile.lock",
				"${PODS_ROOT}/Manifest.lock",
			);
			name = "[CP] Check Pods Manifest.lock";
			outputPaths = (
				"$(DERIVED_FILE_DIR)/Pods-Pokedex-checkManifestLockResult.txt",
			);
			runOnlyForDeploymentPostprocessing = 0;
			shellPath = /bin/sh;
			shellScript = "diff \"${PODS_PODFILE_DIR_PATH}/Podfile.lock\" \"${PODS_ROOT}/Manifest.lock\" > /dev/null\nif [ $? != 0 ] ; then\n    # print error to STDERR\n    echo \"error: The sandbox is not in sync with the Podfile.lock. Run 'pod install' or update your CocoaPods installation.\" >&2\n    exit 1\nfi\n# This output is used by Xcode 'outputs' to avoid re-running this script phase.\necho \"SUCCESS\" > \"${SCRIPT_OUTPUT_FILE_0}\"\n";
			showEnvVarsInLog = 0;
		};
		C83E4735DEF149A3112D0EAF /* [CP] Copy Pods Resources */ = {
			isa = PBXShellScriptBuildPhase;
			buildActionMask = 2147483647;
			files = (
			);
			inputPaths = (
			);
			name = "[CP] Copy Pods Resources";
			outputPaths = (
			);
			runOnlyForDeploymentPostprocessing = 0;
			shellPath = /bin/sh;
			shellScript = "\"${SRCROOT}/Pods/Target Support Files/Pods-Pokedex/Pods-Pokedex-resources.sh\"\n";
			showEnvVarsInLog = 0;
		};
		CB6D5FA796FA4FE9E1B85700 /* [CP] Embed Pods Frameworks */ = {
			isa = PBXShellScriptBuildPhase;
			buildActionMask = 2147483647;
			files = (
			);
			inputPaths = (
				"${SRCROOT}/Pods/Target Support Files/Pods-Pokedex/Pods-Pokedex-frameworks.sh",
				"${BUILT_PRODUCTS_DIR}/Alamofire/Alamofire.framework",
			);
			name = "[CP] Embed Pods Frameworks";
			outputPaths = (
				"${TARGET_BUILD_DIR}/${FRAMEWORKS_FOLDER_PATH}/Alamofire.framework",
			);
			runOnlyForDeploymentPostprocessing = 0;
			shellPath = /bin/sh;
			shellScript = "\"${SRCROOT}/Pods/Target Support Files/Pods-Pokedex/Pods-Pokedex-frameworks.sh\"\n";
			showEnvVarsInLog = 0;
		};
/* End PBXShellScriptBuildPhase section */

/* Begin PBXSourcesBuildPhase section */
		18428BE81F3119D10013BF81 /* Sources */ = {
			isa = PBXSourcesBuildPhase;
			buildActionMask = 2147483647;
			files = (
				18428C031F311A530013BF81 /* PokeCell.swift in Sources */,
				18428C061F311A830013BF81 /* Pokemon.swift in Sources */,
				18428BF21F3119D10013BF81 /* ViewController.swift in Sources */,
				18118DF71F349B41000AD9B1 /* PokemonDetailVC.swift in Sources */,
				18428BF01F3119D10013BF81 /* AppDelegate.swift in Sources */,
				18428C081F311B870013BF81 /* csv.swift in Sources */,
			);
			runOnlyForDeploymentPostprocessing = 0;
		};
/* End PBXSourcesBuildPhase section */

/* Begin PBXVariantGroup section */
		18428BF31F3119D10013BF81 /* Main.storyboard */ = {
			isa = PBXVariantGroup;
			children = (
				18428BF41F3119D10013BF81 /* Base */,
			);
			name = Main.storyboard;
			sourceTree = "<group>";
		};
		18428BF81F3119D10013BF81 /* LaunchScreen.storyboard */ = {
			isa = PBXVariantGroup;
			children = (
				18428BF91F3119D10013BF81 /* Base */,
			);
			name = LaunchScreen.storyboard;
			sourceTree = "<group>";
		};
/* End PBXVariantGroup section */

/* Begin XCBuildConfiguration section */
		18428BFC1F3119D10013BF81 /* Debug */ = {
			isa = XCBuildConfiguration;
			buildSettings = {
				ALWAYS_SEARCH_USER_PATHS = NO;
				CLANG_ANALYZER_NONNULL = YES;
				CLANG_ANALYZER_NUMBER_OBJECT_CONVERSION = YES_AGGRESSIVE;
				CLANG_CXX_LANGUAGE_STANDARD = "gnu++0x";
				CLANG_CXX_LIBRARY = "libc++";
				CLANG_ENABLE_MODULES = YES;
				CLANG_ENABLE_OBJC_ARC = YES;
				CLANG_WARN_BOOL_CONVERSION = YES;
				CLANG_WARN_CONSTANT_CONVERSION = YES;
				CLANG_WARN_DIRECT_OBJC_ISA_USAGE = YES_ERROR;
				CLANG_WARN_DOCUMENTATION_COMMENTS = YES;
				CLANG_WARN_EMPTY_BODY = YES;
				CLANG_WARN_ENUM_CONVERSION = YES;
				CLANG_WARN_INFINITE_RECURSION = YES;
				CLANG_WARN_INT_CONVERSION = YES;
				CLANG_WARN_OBJC_ROOT_CLASS = YES_ERROR;
				CLANG_WARN_SUSPICIOUS_MOVE = YES;
				CLANG_WARN_UNREACHABLE_CODE = YES;
				CLANG_WARN__DUPLICATE_METHOD_MATCH = YES;
				"CODE_SIGN_IDENTITY[sdk=iphoneos*]" = "iPhone Developer";
				COPY_PHASE_STRIP = NO;
				DEBUG_INFORMATION_FORMAT = dwarf;
				ENABLE_STRICT_OBJC_MSGSEND = YES;
				ENABLE_TESTABILITY = YES;
				GCC_C_LANGUAGE_STANDARD = gnu99;
				GCC_DYNAMIC_NO_PIC = NO;
				GCC_NO_COMMON_BLOCKS = YES;
				GCC_OPTIMIZATION_LEVEL = 0;
				GCC_PREPROCESSOR_DEFINITIONS = (
					"DEBUG=1",
					"$(inherited)",
				);
				GCC_WARN_64_TO_32_BIT_CONVERSION = YES;
				GCC_WARN_ABOUT_RETURN_TYPE = YES_ERROR;
				GCC_WARN_UNDECLARED_SELECTOR = YES;
				GCC_WARN_UNINITIALIZED_AUTOS = YES_AGGRESSIVE;
				GCC_WARN_UNUSED_FUNCTION = YES;
				GCC_WARN_UNUSED_VARIABLE = YES;
				IPHONEOS_DEPLOYMENT_TARGET = 10.3;
				MTL_ENABLE_DEBUG_INFO = YES;
				ONLY_ACTIVE_ARCH = YES;
				SDKROOT = iphoneos;
				SWIFT_ACTIVE_COMPILATION_CONDITIONS = DEBUG;
				SWIFT_OPTIMIZATION_LEVEL = "-Onone";
			};
			name = Debug;
		};
		18428BFD1F3119D10013BF81 /* Release */ = {
			isa = XCBuildConfiguration;
			buildSettings = {
				ALWAYS_SEARCH_USER_PATHS = NO;
				CLANG_ANALYZER_NONNULL = YES;
				CLANG_ANALYZER_NUMBER_OBJECT_CONVERSION = YES_AGGRESSIVE;
				CLANG_CXX_LANGUAGE_STANDARD = "gnu++0x";
				CLANG_CXX_LIBRARY = "libc++";
				CLANG_ENABLE_MODULES = YES;
				CLANG_ENABLE_OBJC_ARC = YES;
				CLANG_WARN_BOOL_CONVERSION = YES;
				CLANG_WARN_CONSTANT_CONVERSION = YES;
				CLANG_WARN_DIRECT_OBJC_ISA_USAGE = YES_ERROR;
				CLANG_WARN_DOCUMENTATION_COMMENTS = YES;
				CLANG_WARN_EMPTY_BODY = YES;
				CLANG_WARN_ENUM_CONVERSION = YES;
				CLANG_WARN_INFINITE_RECURSION = YES;
				CLANG_WARN_INT_CONVERSION = YES;
				CLANG_WARN_OBJC_ROOT_CLASS = YES_ERROR;
				CLANG_WARN_SUSPICIOUS_MOVE = YES;
				CLANG_WARN_UNREACHABLE_CODE = YES;
				CLANG_WARN__DUPLICATE_METHOD_MATCH = YES;
				"CODE_SIGN_IDENTITY[sdk=iphoneos*]" = "iPhone Developer";
				COPY_PHASE_STRIP = NO;
				DEBUG_INFORMATION_FORMAT = "dwarf-with-dsym";
				ENABLE_NS_ASSERTIONS = NO;
				ENABLE_STRICT_OBJC_MSGSEND = YES;
				GCC_C_LANGUAGE_STANDARD = gnu99;
				GCC_NO_COMMON_BLOCKS = YES;
				GCC_WARN_64_TO_32_BIT_CONVERSION = YES;
				GCC_WARN_ABOUT_RETURN_TYPE = YES_ERROR;
				GCC_WARN_UNDECLARED_SELECTOR = YES;
				GCC_WARN_UNINITIALIZED_AUTOS = YES_AGGRESSIVE;
				GCC_WARN_UNUSED_FUNCTION = YES;
				GCC_WARN_UNUSED_VARIABLE = YES;
				IPHONEOS_DEPLOYMENT_TARGET = 10.3;
				MTL_ENABLE_DEBUG_INFO = NO;
				SDKROOT = iphoneos;
				SWIFT_OPTIMIZATION_LEVEL = "-Owholemodule";
				VALIDATE_PRODUCT = YES;
			};
			name = Release;
		};
		18428BFF1F3119D10013BF81 /* Debug */ = {
			isa = XCBuildConfiguration;
			baseConfigurationReference = 322D753D8B80B471608BD9A8 /* Pods-Pokedex.debug.xcconfig */;
			buildSettings = {
				ASSETCATALOG_COMPILER_APPICON_NAME = AppIcon;
				DEVELOPMENT_TEAM = 3QQABGA76B;
				INFOPLIST_FILE = Pokedex/Info.plist;
				LD_RUNPATH_SEARCH_PATHS = "$(inherited) @executable_path/Frameworks";
				PRODUCT_BUNDLE_IDENTIFIER = com.Mahmoud.HelloWorld.Pokedex;
				PRODUCT_NAME = "$(TARGET_NAME)";
				SWIFT_VERSION = 3.0;
			};
			name = Debug;
		};
		18428C001F3119D10013BF81 /* Release */ = {
			isa = XCBuildConfiguration;
			baseConfigurationReference = B46E2F3372EF3804B69DB197 /* Pods-Pokedex.release.xcconfig */;
			buildSettings = {
				ASSETCATALOG_COMPILER_APPICON_NAME = AppIcon;
				DEVELOPMENT_TEAM = 3QQABGA76B;
				INFOPLIST_FILE = Pokedex/Info.plist;
				LD_RUNPATH_SEARCH_PATHS = "$(inherited) @executable_path/Frameworks";
				PRODUCT_BUNDLE_IDENTIFIER = com.Mahmoud.HelloWorld.Pokedex;
				PRODUCT_NAME = "$(TARGET_NAME)";
				SWIFT_VERSION = 3.0;
			};
			name = Release;
		};
/* End XCBuildConfiguration section */

/* Begin XCConfigurationList section */
		18428BE71F3119D10013BF81 /* Build configuration list for PBXProject "Pokedex" */ = {
			isa = XCConfigurationList;
			buildConfigurations = (
				18428BFC1F3119D10013BF81 /* Debug */,
				18428BFD1F3119D10013BF81 /* Release */,
			);
			defaultConfigurationIsVisible = 0;
			defaultConfigurationName = Release;
		};
		18428BFE1F3119D10013BF81 /* Build configuration list for PBXNativeTarget "Pokedex" */ = {
			isa = XCConfigurationList;
			buildConfigurations = (
				18428BFF1F3119D10013BF81 /* Debug */,
				18428C001F3119D10013BF81 /* Release */,
			);
			defaultConfigurationIsVisible = 0;
			defaultConfigurationName = Release;
		};
/* End XCConfigurationList section */
	};
	rootObject = 18428BE41F3119D10013BF81 /* Project object */;
}
